
Microsoft Visual Studio Solution File, Format Version 12.00
# Visual Studio Version 16
VisualStudioVersion = 16.0.29326.143
MinimumVisualStudioVersion = 10.0.40219.1
Project("{FAE04EC0-301F-11D3-BF4B-00C04F79EFBC}") = "Compliance.Package", "Compliance.Package\Compliance.Package.csproj", "{170C0103-3F94-4896-9062-6314167F596A}"
EndProject
Project("{9092AA53-FB77-4645-B42D-1CCCA6BD08BD}") = "Compliance.WebResources", "Compliance.WebResources\Compliance.WebResources.njsproj", "{86188757-841A-4711-884A-01AA88D51B72}"
EndProject
Project("{FAE04EC0-301F-11D3-BF4B-00C04F79EFBC}") = "Compliance.Solution", "Compliance.Solution\Compliance.Solution.csproj", "{FD76EFAF-39EE-4F3C-BED7-DC4548CB8FD2}"
EndProject
Global
	GlobalSection(SolutionConfigurationPlatforms) = preSolution
		Debug|Any CPU = Debug|Any CPU
		Release|Any CPU = Release|Any CPU
	EndGlobalSection
	GlobalSection(ProjectConfigurationPlatforms) = postSolution
		{170C0103-3F94-4896-9062-6314167F596A}.Debug|Any CPU.ActiveCfg = Debug|Any CPU
		{170C0103-3F94-4896-9062-6314167F596A}.Debug|Any CPU.Build.0 = Debug|Any CPU
		{170C0103-3F94-4896-9062-6314167F596A}.Release|Any CPU.ActiveCfg = Release|Any CPU
		{170C0103-3F94-4896-9062-6314167F596A}.Release|Any CPU.Build.0 = Release|Any CPU
		{86188757-841A-4711-884A-01AA88D51B72}.Debug|Any CPU.ActiveCfg = Debug|Any CPU
		{86188757-841A-4711-884A-01AA88D51B72}.Debug|Any CPU.Build.0 = Debug|Any CPU
		{86188757-841A-4711-884A-01AA88D51B72}.Release|Any CPU.ActiveCfg = Release|Any CPU
		{86188757-841A-4711-884A-01AA88D51B72}.Release|Any CPU.Build.0 = Release|Any CPU
		{FD76EFAF-39EE-4F3C-BED7-DC4548CB8FD2}.Debug|Any CPU.ActiveCfg = Debug|Any CPU
		{FD76EFAF-39EE-4F3C-BED7-DC4548CB8FD2}.Release|Any CPU.ActiveCfg = Release|Any CPU
		{FD76EFAF-39EE-4F3C-BED7-DC4548CB8FD2}.Release|Any CPU.Build.0 = Release|Any CPU
	EndGlobalSection
	GlobalSection(SolutionProperties) = preSolution
		HideSolutionNode = FALSE
	EndGlobalSection
	GlobalSection(ExtensibilityGlobals) = postSolution
		SolutionGuid = {C9BAF2C6-448C-4034-9F25-154AA3603A45}
	EndGlobalSection
EndGlobal
