
Microsoft Visual Studio Solution File, Format Version 12.00
# Visual Studio Version 16
VisualStudioVersion = 16.0.29326.143
MinimumVisualStudioVersion = 10.0.40219.1
Project("{FAE04EC0-301F-11D3-BF4B-00C04F79EFBC}") = "Compliance.Package", "Compliance.Package\Compliance.Package.csproj", "{170C0103-3F94-4896-9062-6314167F596A}"
EndProject
Project("{9A19103F-16F7-4668-BE54-9A1E7A4F7556}") = "Compliance.Solution", "Compliance.Solution\Compliance.Solution.csproj", "{FD76EFAF-39EE-4F3C-BED7-DC4548CB8FD2}"
EndProject
Project("{FAE04EC0-301F-11D3-BF4B-00C04F79EFBC}") = "XrmDefinitelyTyped", "XrmDefinitelyTyped\XrmDefinitelyTyped.csproj", "{DC71DDA7-15A2-4F2D-BFB7-0AC8AA6C9D69}"
EndProject
Project("{9A19103F-16F7-4668-BE54-9A1E7A4F7556}") = "Compliance.WebResources", "Compliance.WebResources\Compliance.WebResources.csproj", "{63AF5691-BB60-43FE-8363-5DFDBBF18ADC}"
EndProject
Project("{FAE04EC0-301F-11D3-BF4B-00C04F79EFBC}") = "Compliance.Plugins", "Compliance.Plugins\Compliance.Plugins.csproj", "{D335A296-1E3B-4FB9-8D84-9067A58ACAD3}"
EndProject
Project("{FAE04EC0-301F-11D3-BF4B-00C04F79EFBC}") = "Compliance.Plugins.Tests", "Compliance.Plugins.Tests\Compliance.Plugins.Tests.csproj", "{339B341B-0653-4AE4-980B-E4A5409AD2E0}"
EndProject
Project("{FAE04EC0-301F-11D3-BF4B-00C04F79EFBC}") = "Compliance.Entities", "Compliance.Entities\Compliance.Entities.csproj", "{E5C2A1BF-F2DB-4ECA-87B8-85A286A811F3}"
EndProject
Global
	GlobalSection(SolutionConfigurationPlatforms) = preSolution
		Debug|Any CPU = Debug|Any CPU
		Release|Any CPU = Release|Any CPU
	EndGlobalSection
	GlobalSection(ProjectConfigurationPlatforms) = postSolution
		{170C0103-3F94-4896-9062-6314167F596A}.Debug|Any CPU.ActiveCfg = Debug|Any CPU
		{170C0103-3F94-4896-9062-6314167F596A}.Debug|Any CPU.Build.0 = Debug|Any CPU
		{170C0103-3F94-4896-9062-6314167F596A}.Release|Any CPU.ActiveCfg = Release|Any CPU
		{170C0103-3F94-4896-9062-6314167F596A}.Release|Any CPU.Build.0 = Release|Any CPU
		{FD76EFAF-39EE-4F3C-BED7-DC4548CB8FD2}.Debug|Any CPU.ActiveCfg = Debug|Any CPU
		{FD76EFAF-39EE-4F3C-BED7-DC4548CB8FD2}.Release|Any CPU.ActiveCfg = Release|Any CPU
		{FD76EFAF-39EE-4F3C-BED7-DC4548CB8FD2}.Release|Any CPU.Build.0 = Release|Any CPU
		{DC71DDA7-15A2-4F2D-BFB7-0AC8AA6C9D69}.Debug|Any CPU.ActiveCfg = Debug|Any CPU
		{DC71DDA7-15A2-4F2D-BFB7-0AC8AA6C9D69}.Release|Any CPU.ActiveCfg = Release|Any CPU
		{DC71DDA7-15A2-4F2D-BFB7-0AC8AA6C9D69}.Release|Any CPU.Build.0 = Release|Any CPU
		{63AF5691-BB60-43FE-8363-5DFDBBF18ADC}.Debug|Any CPU.ActiveCfg = Debug|Any CPU
		{63AF5691-BB60-43FE-8363-5DFDBBF18ADC}.Debug|Any CPU.Build.0 = Debug|Any CPU
		{63AF5691-BB60-43FE-8363-5DFDBBF18ADC}.Release|Any CPU.ActiveCfg = Release|Any CPU
		{63AF5691-BB60-43FE-8363-5DFDBBF18ADC}.Release|Any CPU.Build.0 = Release|Any CPU
		{D335A296-1E3B-4FB9-8D84-9067A58ACAD3}.Debug|Any CPU.ActiveCfg = Debug|Any CPU
		{D335A296-1E3B-4FB9-8D84-9067A58ACAD3}.Debug|Any CPU.Build.0 = Debug|Any CPU
		{D335A296-1E3B-4FB9-8D84-9067A58ACAD3}.Release|Any CPU.ActiveCfg = Release|Any CPU
		{D335A296-1E3B-4FB9-8D84-9067A58ACAD3}.Release|Any CPU.Build.0 = Release|Any CPU
		{339B341B-0653-4AE4-980B-E4A5409AD2E0}.Debug|Any CPU.ActiveCfg = Debug|Any CPU
		{339B341B-0653-4AE4-980B-E4A5409AD2E0}.Debug|Any CPU.Build.0 = Debug|Any CPU
		{339B341B-0653-4AE4-980B-E4A5409AD2E0}.Release|Any CPU.ActiveCfg = Release|Any CPU
		{339B341B-0653-4AE4-980B-E4A5409AD2E0}.Release|Any CPU.Build.0 = Release|Any CPU
		{E5C2A1BF-F2DB-4ECA-87B8-85A286A811F3}.Debug|Any CPU.ActiveCfg = Debug|Any CPU
		{E5C2A1BF-F2DB-4ECA-87B8-85A286A811F3}.Debug|Any CPU.Build.0 = Debug|Any CPU
		{E5C2A1BF-F2DB-4ECA-87B8-85A286A811F3}.Release|Any CPU.ActiveCfg = Release|Any CPU
		{E5C2A1BF-F2DB-4ECA-87B8-85A286A811F3}.Release|Any CPU.Build.0 = Release|Any CPU
	EndGlobalSection
	GlobalSection(SolutionProperties) = preSolution
		HideSolutionNode = FALSE
	EndGlobalSection
	GlobalSection(ExtensibilityGlobals) = postSolution
		SolutionGuid = {C9BAF2C6-448C-4034-9F25-154AA3603A45}
	EndGlobalSection
EndGlobal
